// !$*UTF8*$!
{
	archiveVersion = 1;
	classes = {
	};
	objectVersion = 56;
	objects = {

/* Begin PBXBuildFile section */
		4387FE3129AD15F9005C2464 /* FavoriteTeamsApp.swift in Sources */ = {isa = PBXBuildFile; fileRef = 4387FE3029AD15F9005C2464 /* FavoriteTeamsApp.swift */; };
		4387FE3329AD15F9005C2464 /* ContentView.swift in Sources */ = {isa = PBXBuildFile; fileRef = 4387FE3229AD15F9005C2464 /* ContentView.swift */; };
		4387FE3529AD15FA005C2464 /* Assets.xcassets in Resources */ = {isa = PBXBuildFile; fileRef = 4387FE3429AD15FA005C2464 /* Assets.xcassets */; };
		4387FE3829AD15FA005C2464 /* Preview Assets.xcassets in Resources */ = {isa = PBXBuildFile; fileRef = 4387FE3729AD15FA005C2464 /* Preview Assets.xcassets */; };
		4387FE4029AD1663005C2464 /* nflData.json in Resources */ = {isa = PBXBuildFile; fileRef = 4387FE3F29AD1663005C2464 /* nflData.json */; };
		4387FE4229AD167C005C2464 /* nbaData.json in Resources */ = {isa = PBXBuildFile; fileRef = 4387FE4129AD167C005C2464 /* nbaData.json */; };
		4387FE4429AD1689005C2464 /* nhlData.json in Resources */ = {isa = PBXBuildFile; fileRef = 4387FE4329AD1689005C2464 /* nhlData.json */; };
		4387FE4629AD1695005C2464 /* mlbData.json in Resources */ = {isa = PBXBuildFile; fileRef = 4387FE4529AD1695005C2464 /* mlbData.json */; };
		4387FE4929AD16D3005C2464 /* TeamSelectionVM.swift in Sources */ = {isa = PBXBuildFile; fileRef = 4387FE4829AD16D3005C2464 /* TeamSelectionVM.swift */; };
		4387FE4C29AD177F005C2464 /* SwiftSoup in Frameworks */ = {isa = PBXBuildFile; productRef = 4387FE4B29AD177F005C2464 /* SwiftSoup */; };
		4387FE4F29AD17A1005C2464 /* Team.swift in Sources */ = {isa = PBXBuildFile; fileRef = 4387FE4E29AD17A1005C2464 /* Team.swift */; };
		4387FE5229AD17B8005C2464 /* Game.swift in Sources */ = {isa = PBXBuildFile; fileRef = 4387FE5129AD17B8005C2464 /* Game.swift */; };
		4387FE5529AD2390005C2464 /* StringExtenstions.swift in Sources */ = {isa = PBXBuildFile; fileRef = 4387FE5429AD2390005C2464 /* StringExtenstions.swift */; };
		4387FE5729AD23AB005C2464 /* UserDefaultsExtensions.swift in Sources */ = {isa = PBXBuildFile; fileRef = 4387FE5629AD23AB005C2464 /* UserDefaultsExtensions.swift */; };
		4387FE5929AD23F9005C2464 /* NavVM.swift in Sources */ = {isa = PBXBuildFile; fileRef = 4387FE5829AD23F9005C2464 /* NavVM.swift */; };
		4387FE5C29AD2490005C2464 /* TeamSelection.swift in Sources */ = {isa = PBXBuildFile; fileRef = 4387FE5B29AD2490005C2464 /* TeamSelection.swift */; };
		4387FE5F29AD2503005C2464 /* TeamRow.swift in Sources */ = {isa = PBXBuildFile; fileRef = 4387FE5E29AD2503005C2464 /* TeamRow.swift */; };
		4387FE6229AD2529005C2464 /* CachedAsyncImage in Frameworks */ = {isa = PBXBuildFile; productRef = 4387FE6129AD2529005C2464 /* CachedAsyncImage */; };
		4387FE6429AD25D5005C2464 /* GameRow.swift in Sources */ = {isa = PBXBuildFile; fileRef = 4387FE6329AD25D5005C2464 /* GameRow.swift */; };
		4387FE6629AD25E2005C2464 /* YourTeams.swift in Sources */ = {isa = PBXBuildFile; fileRef = 4387FE6529AD25E2005C2464 /* YourTeams.swift */; };
		4387FE6829AD3AF0005C2464 /* DateExtensions.swift in Sources */ = {isa = PBXBuildFile; fileRef = 4387FE6729AD3AF0005C2464 /* DateExtensions.swift */; };
		43C035B729AFA95C00FB9A43 /* Notifications.swift in Sources */ = {isa = PBXBuildFile; fileRef = 43C035B629AFA95C00FB9A43 /* Notifications.swift */; };
		43C035B929AFAFC000FB9A43 /* ArrayExtensions.swift in Sources */ = {isa = PBXBuildFile; fileRef = 43C035B829AFAFC000FB9A43 /* ArrayExtensions.swift */; };
/* End PBXBuildFile section */

/* Begin PBXCopyFilesBuildPhase section */
		4387FE8629AD4BE7005C2464 /* Embed Foundation Extensions */ = {
			isa = PBXCopyFilesBuildPhase;
			buildActionMask = 2147483647;
			dstPath = "";
			dstSubfolderSpec = 13;
			files = (
			);
			name = "Embed Foundation Extensions";
			runOnlyForDeploymentPostprocessing = 0;
		};
/* End PBXCopyFilesBuildPhase section */

/* Begin PBXFileReference section */
		4387FE2D29AD15F9005C2464 /* FavoriteTeams.app */ = {isa = PBXFileReference; explicitFileType = wrapper.application; includeInIndex = 0; path = FavoriteTeams.app; sourceTree = BUILT_PRODUCTS_DIR; };
		4387FE3029AD15F9005C2464 /* FavoriteTeamsApp.swift */ = {isa = PBXFileReference; lastKnownFileType = sourcecode.swift; path = FavoriteTeamsApp.swift; sourceTree = "<group>"; };
		4387FE3229AD15F9005C2464 /* ContentView.swift */ = {isa = PBXFileReference; lastKnownFileType = sourcecode.swift; path = ContentView.swift; sourceTree = "<group>"; };
		4387FE3429AD15FA005C2464 /* Assets.xcassets */ = {isa = PBXFileReference; lastKnownFileType = folder.assetcatalog; path = Assets.xcassets; sourceTree = "<group>"; };
		4387FE3729AD15FA005C2464 /* Preview Assets.xcassets */ = {isa = PBXFileReference; lastKnownFileType = folder.assetcatalog; path = "Preview Assets.xcassets"; sourceTree = "<group>"; };
		4387FE3F29AD1663005C2464 /* nflData.json */ = {isa = PBXFileReference; lastKnownFileType = text.json; path = nflData.json; sourceTree = "<group>"; };
		4387FE4129AD167C005C2464 /* nbaData.json */ = {isa = PBXFileReference; lastKnownFileType = text.json; path = nbaData.json; sourceTree = "<group>"; };
		4387FE4329AD1689005C2464 /* nhlData.json */ = {isa = PBXFileReference; lastKnownFileType = text.json; path = nhlData.json; sourceTree = "<group>"; };
		4387FE4529AD1695005C2464 /* mlbData.json */ = {isa = PBXFileReference; lastKnownFileType = text.json; path = mlbData.json; sourceTree = "<group>"; };
		4387FE4829AD16D3005C2464 /* TeamSelectionVM.swift */ = {isa = PBXFileReference; lastKnownFileType = sourcecode.swift; path = TeamSelectionVM.swift; sourceTree = "<group>"; };
		4387FE4E29AD17A1005C2464 /* Team.swift */ = {isa = PBXFileReference; lastKnownFileType = sourcecode.swift; path = Team.swift; sourceTree = "<group>"; };
		4387FE5129AD17B8005C2464 /* Game.swift */ = {isa = PBXFileReference; lastKnownFileType = sourcecode.swift; path = Game.swift; sourceTree = "<group>"; };
		4387FE5429AD2390005C2464 /* StringExtenstions.swift */ = {isa = PBXFileReference; lastKnownFileType = sourcecode.swift; path = StringExtenstions.swift; sourceTree = "<group>"; };
		4387FE5629AD23AB005C2464 /* UserDefaultsExtensions.swift */ = {isa = PBXFileReference; lastKnownFileType = sourcecode.swift; path = UserDefaultsExtensions.swift; sourceTree = "<group>"; };
		4387FE5829AD23F9005C2464 /* NavVM.swift */ = {isa = PBXFileReference; lastKnownFileType = sourcecode.swift; path = NavVM.swift; sourceTree = "<group>"; };
		4387FE5B29AD2490005C2464 /* TeamSelection.swift */ = {isa = PBXFileReference; lastKnownFileType = sourcecode.swift; path = TeamSelection.swift; sourceTree = "<group>"; };
		4387FE5E29AD2503005C2464 /* TeamRow.swift */ = {isa = PBXFileReference; lastKnownFileType = sourcecode.swift; path = TeamRow.swift; sourceTree = "<group>"; };
		4387FE6329AD25D5005C2464 /* GameRow.swift */ = {isa = PBXFileReference; lastKnownFileType = sourcecode.swift; path = GameRow.swift; sourceTree = "<group>"; };
		4387FE6529AD25E2005C2464 /* YourTeams.swift */ = {isa = PBXFileReference; lastKnownFileType = sourcecode.swift; path = YourTeams.swift; sourceTree = "<group>"; };
		4387FE6729AD3AF0005C2464 /* DateExtensions.swift */ = {isa = PBXFileReference; lastKnownFileType = sourcecode.swift; path = DateExtensions.swift; sourceTree = "<group>"; };
		4387FE6F29AD4BE4005C2464 /* WidgetKit.framework */ = {isa = PBXFileReference; lastKnownFileType = wrapper.framework; name = WidgetKit.framework; path = System/Library/Frameworks/WidgetKit.framework; sourceTree = SDKROOT; };
		4387FE7129AD4BE4005C2464 /* SwiftUI.framework */ = {isa = PBXFileReference; lastKnownFileType = wrapper.framework; name = SwiftUI.framework; path = System/Library/Frameworks/SwiftUI.framework; sourceTree = SDKROOT; };
		4387FEB229AD51FE005C2464 /* FavoriteTeams.entitlements */ = {isa = PBXFileReference; fileEncoding = 4; lastKnownFileType = text.plist.entitlements; path = FavoriteTeams.entitlements; sourceTree = "<group>"; };
		43C035B129AFA0B200FB9A43 /* Info.plist */ = {isa = PBXFileReference; lastKnownFileType = text.plist; path = Info.plist; sourceTree = "<group>"; };
		43C035B629AFA95C00FB9A43 /* Notifications.swift */ = {isa = PBXFileReference; lastKnownFileType = sourcecode.swift; path = Notifications.swift; sourceTree = "<group>"; };
		43C035B829AFAFC000FB9A43 /* ArrayExtensions.swift */ = {isa = PBXFileReference; lastKnownFileType = sourcecode.swift; path = ArrayExtensions.swift; sourceTree = "<group>"; };
/* End PBXFileReference section */

/* Begin PBXFrameworksBuildPhase section */
		4387FE2A29AD15F9005C2464 /* Frameworks */ = {
			isa = PBXFrameworksBuildPhase;
			buildActionMask = 2147483647;
			files = (
				4387FE4C29AD177F005C2464 /* SwiftSoup in Frameworks */,
				4387FE6229AD2529005C2464 /* CachedAsyncImage in Frameworks */,
			);
			runOnlyForDeploymentPostprocessing = 0;
		};
/* End PBXFrameworksBuildPhase section */

/* Begin PBXGroup section */
		4387FE2429AD15F9005C2464 = {
			isa = PBXGroup;
			children = (
				4387FE2F29AD15F9005C2464 /* FavoriteTeams */,
				4387FE6E29AD4BE4005C2464 /* Frameworks */,
				4387FE2E29AD15F9005C2464 /* Products */,
			);
			sourceTree = "<group>";
		};
		4387FE2E29AD15F9005C2464 /* Products */ = {
			isa = PBXGroup;
			children = (
				4387FE2D29AD15F9005C2464 /* FavoriteTeams.app */,
			);
			name = Products;
			sourceTree = "<group>";
		};
		4387FE2F29AD15F9005C2464 /* FavoriteTeams */ = {
			isa = PBXGroup;
			children = (
				43C035B129AFA0B200FB9A43 /* Info.plist */,
				4387FEB229AD51FE005C2464 /* FavoriteTeams.entitlements */,
				4387FE5329AD2388005C2464 /* Extensions */,
				4387FE4D29AD1797005C2464 /* Models */,
				4387FE5A29AD2484005C2464 /* Views */,
				4387FE4729AD16B6005C2464 /* ViewModels */,
				4387FE3E29AD163F005C2464 /* LeagueData */,
				4387FE3029AD15F9005C2464 /* FavoriteTeamsApp.swift */,
				4387FE3229AD15F9005C2464 /* ContentView.swift */,
				4387FE3429AD15FA005C2464 /* Assets.xcassets */,
				4387FE3629AD15FA005C2464 /* Preview Content */,
			);
			path = FavoriteTeams;
			sourceTree = "<group>";
		};
		4387FE3629AD15FA005C2464 /* Preview Content */ = {
			isa = PBXGroup;
			children = (
				4387FE3729AD15FA005C2464 /* Preview Assets.xcassets */,
			);
			path = "Preview Content";
			sourceTree = "<group>";
		};
		4387FE3E29AD163F005C2464 /* LeagueData */ = {
			isa = PBXGroup;
			children = (
				4387FE3F29AD1663005C2464 /* nflData.json */,
				4387FE4129AD167C005C2464 /* nbaData.json */,
				4387FE4329AD1689005C2464 /* nhlData.json */,
				4387FE4529AD1695005C2464 /* mlbData.json */,
			);
			path = LeagueData;
			sourceTree = "<group>";
		};
		4387FE4729AD16B6005C2464 /* ViewModels */ = {
			isa = PBXGroup;
			children = (
				4387FE4829AD16D3005C2464 /* TeamSelectionVM.swift */,
				4387FE5829AD23F9005C2464 /* NavVM.swift */,
			);
			path = ViewModels;
			sourceTree = "<group>";
		};
		4387FE4D29AD1797005C2464 /* Models */ = {
			isa = PBXGroup;
			children = (
				4387FE4E29AD17A1005C2464 /* Team.swift */,
				4387FE5129AD17B8005C2464 /* Game.swift */,
			);
			path = Models;
			sourceTree = "<group>";
		};
		4387FE5329AD2388005C2464 /* Extensions */ = {
			isa = PBXGroup;
			children = (
				4387FE5429AD2390005C2464 /* StringExtenstions.swift */,
				4387FE5629AD23AB005C2464 /* UserDefaultsExtensions.swift */,
				4387FE6729AD3AF0005C2464 /* DateExtensions.swift */,
				43C035B629AFA95C00FB9A43 /* Notifications.swift */,
				43C035B829AFAFC000FB9A43 /* ArrayExtensions.swift */,
			);
			path = Extensions;
			sourceTree = "<group>";
		};
		4387FE5A29AD2484005C2464 /* Views */ = {
			isa = PBXGroup;
			children = (
				4387FE5B29AD2490005C2464 /* TeamSelection.swift */,
				4387FE5E29AD2503005C2464 /* TeamRow.swift */,
				4387FE6329AD25D5005C2464 /* GameRow.swift */,
				4387FE6529AD25E2005C2464 /* YourTeams.swift */,
			);
			path = Views;
			sourceTree = "<group>";
		};
		4387FE6E29AD4BE4005C2464 /* Frameworks */ = {
			isa = PBXGroup;
			children = (
				4387FE6F29AD4BE4005C2464 /* WidgetKit.framework */,
				4387FE7129AD4BE4005C2464 /* SwiftUI.framework */,
			);
			name = Frameworks;
			sourceTree = "<group>";
		};
/* End PBXGroup section */

/* Begin PBXNativeTarget section */
		4387FE2C29AD15F9005C2464 /* FavoriteTeams */ = {
			isa = PBXNativeTarget;
			buildConfigurationList = 4387FE3B29AD15FA005C2464 /* Build configuration list for PBXNativeTarget "FavoriteTeams" */;
			buildPhases = (
				4387FE2929AD15F9005C2464 /* Sources */,
				4387FE2A29AD15F9005C2464 /* Frameworks */,
				4387FE2B29AD15F9005C2464 /* Resources */,
				4387FE8629AD4BE7005C2464 /* Embed Foundation Extensions */,
			);
			buildRules = (
			);
			dependencies = (
			);
			name = FavoriteTeams;
			packageProductDependencies = (
				4387FE4B29AD177F005C2464 /* SwiftSoup */,
				4387FE6129AD2529005C2464 /* CachedAsyncImage */,
			);
			productName = FavoriteTeams;
			productReference = 4387FE2D29AD15F9005C2464 /* FavoriteTeams.app */;
			productType = "com.apple.product-type.application";
		};
/* End PBXNativeTarget section */

/* Begin PBXProject section */
		4387FE2529AD15F9005C2464 /* Project object */ = {
			isa = PBXProject;
			attributes = {
				BuildIndependentTargetsInParallel = 1;
				LastSwiftUpdateCheck = 1420;
				LastUpgradeCheck = 1420;
				TargetAttributes = {
					4387FE2C29AD15F9005C2464 = {
						CreatedOnToolsVersion = 14.2;
					};
				};
			};
			buildConfigurationList = 4387FE2829AD15F9005C2464 /* Build configuration list for PBXProject "FavoriteTeams" */;
			compatibilityVersion = "Xcode 14.0";
			developmentRegion = en;
			hasScannedForEncodings = 0;
			knownRegions = (
				en,
				Base,
			);
			mainGroup = 4387FE2429AD15F9005C2464;
			packageReferences = (
				4387FE4A29AD177F005C2464 /* XCRemoteSwiftPackageReference "SwiftSoup" */,
				4387FE6029AD2529005C2464 /* XCRemoteSwiftPackageReference "swiftui-cached-async-image" */,
			);
			productRefGroup = 4387FE2E29AD15F9005C2464 /* Products */;
			projectDirPath = "";
			projectRoot = "";
			targets = (
				4387FE2C29AD15F9005C2464 /* FavoriteTeams */,
			);
		};
/* End PBXProject section */

/* Begin PBXResourcesBuildPhase section */
		4387FE2B29AD15F9005C2464 /* Resources */ = {
			isa = PBXResourcesBuildPhase;
			buildActionMask = 2147483647;
			files = (
				4387FE4429AD1689005C2464 /* nhlData.json in Resources */,
				4387FE3829AD15FA005C2464 /* Preview Assets.xcassets in Resources */,
				4387FE3529AD15FA005C2464 /* Assets.xcassets in Resources */,
				4387FE4029AD1663005C2464 /* nflData.json in Resources */,
				4387FE4229AD167C005C2464 /* nbaData.json in Resources */,
				4387FE4629AD1695005C2464 /* mlbData.json in Resources */,
			);
			runOnlyForDeploymentPostprocessing = 0;
		};
/* End PBXResourcesBuildPhase section */

/* Begin PBXSourcesBuildPhase section */
		4387FE2929AD15F9005C2464 /* Sources */ = {
			isa = PBXSourcesBuildPhase;
			buildActionMask = 2147483647;
			files = (
				4387FE6429AD25D5005C2464 /* GameRow.swift in Sources */,
				43C035B929AFAFC000FB9A43 /* ArrayExtensions.swift in Sources */,
				4387FE5529AD2390005C2464 /* StringExtenstions.swift in Sources */,
				4387FE4F29AD17A1005C2464 /* Team.swift in Sources */,
				4387FE5229AD17B8005C2464 /* Game.swift in Sources */,
				4387FE5F29AD2503005C2464 /* TeamRow.swift in Sources */,
				4387FE3329AD15F9005C2464 /* ContentView.swift in Sources */,
				4387FE5729AD23AB005C2464 /* UserDefaultsExtensions.swift in Sources */,
				4387FE5C29AD2490005C2464 /* TeamSelection.swift in Sources */,
				43C035B729AFA95C00FB9A43 /* Notifications.swift in Sources */,
				4387FE3129AD15F9005C2464 /* FavoriteTeamsApp.swift in Sources */,
				4387FE5929AD23F9005C2464 /* NavVM.swift in Sources */,
				4387FE6829AD3AF0005C2464 /* DateExtensions.swift in Sources */,
				4387FE4929AD16D3005C2464 /* TeamSelectionVM.swift in Sources */,
				4387FE6629AD25E2005C2464 /* YourTeams.swift in Sources */,
			);
			runOnlyForDeploymentPostprocessing = 0;
		};
/* End PBXSourcesBuildPhase section */

/* Begin XCBuildConfiguration section */
		4387FE3929AD15FA005C2464 /* Debug */ = {
			isa = XCBuildConfiguration;
			buildSettings = {
				ALWAYS_SEARCH_USER_PATHS = NO;
				CLANG_ANALYZER_NONNULL = YES;
				CLANG_ANALYZER_NUMBER_OBJECT_CONVERSION = YES_AGGRESSIVE;
				CLANG_CXX_LANGUAGE_STANDARD = "gnu++20";
				CLANG_ENABLE_MODULES = YES;
				CLANG_ENABLE_OBJC_ARC = YES;
				CLANG_ENABLE_OBJC_WEAK = YES;
				CLANG_WARN_BLOCK_CAPTURE_AUTORELEASING = YES;
				CLANG_WARN_BOOL_CONVERSION = YES;
				CLANG_WARN_COMMA = YES;
				CLANG_WARN_CONSTANT_CONVERSION = YES;
				CLANG_WARN_DEPRECATED_OBJC_IMPLEMENTATIONS = YES;
				CLANG_WARN_DIRECT_OBJC_ISA_USAGE = YES_ERROR;
				CLANG_WARN_DOCUMENTATION_COMMENTS = YES;
				CLANG_WARN_EMPTY_BODY = YES;
				CLANG_WARN_ENUM_CONVERSION = YES;
				CLANG_WARN_INFINITE_RECURSION = YES;
				CLANG_WARN_INT_CONVERSION = YES;
				CLANG_WARN_NON_LITERAL_NULL_CONVERSION = YES;
				CLANG_WARN_OBJC_IMPLICIT_RETAIN_SELF = YES;
				CLANG_WARN_OBJC_LITERAL_CONVERSION = YES;
				CLANG_WARN_OBJC_ROOT_CLASS = YES_ERROR;
				CLANG_WARN_QUOTED_INCLUDE_IN_FRAMEWORK_HEADER = YES;
				CLANG_WARN_RANGE_LOOP_ANALYSIS = YES;
				CLANG_WARN_STRICT_PROTOTYPES = YES;
				CLANG_WARN_SUSPICIOUS_MOVE = YES;
				CLANG_WARN_UNGUARDED_AVAILABILITY = YES_AGGRESSIVE;
				CLANG_WARN_UNREACHABLE_CODE = YES;
				CLANG_WARN__DUPLICATE_METHOD_MATCH = YES;
				COPY_PHASE_STRIP = NO;
				DEBUG_INFORMATION_FORMAT = dwarf;
				ENABLE_STRICT_OBJC_MSGSEND = YES;
				ENABLE_TESTABILITY = YES;
				GCC_C_LANGUAGE_STANDARD = gnu11;
				GCC_DYNAMIC_NO_PIC = NO;
				GCC_NO_COMMON_BLOCKS = YES;
				GCC_OPTIMIZATION_LEVEL = 0;
				GCC_PREPROCESSOR_DEFINITIONS = (
					"DEBUG=1",
					"$(inherited)",
				);
				GCC_WARN_64_TO_32_BIT_CONVERSION = YES;
				GCC_WARN_ABOUT_RETURN_TYPE = YES_ERROR;
				GCC_WARN_UNDECLARED_SELECTOR = YES;
				GCC_WARN_UNINITIALIZED_AUTOS = YES_AGGRESSIVE;
				GCC_WARN_UNUSED_FUNCTION = YES;
				GCC_WARN_UNUSED_VARIABLE = YES;
				IPHONEOS_DEPLOYMENT_TARGET = 16.2;
				MTL_ENABLE_DEBUG_INFO = INCLUDE_SOURCE;
				MTL_FAST_MATH = YES;
				ONLY_ACTIVE_ARCH = YES;
				SDKROOT = iphoneos;
				SWIFT_ACTIVE_COMPILATION_CONDITIONS = DEBUG;
				SWIFT_OPTIMIZATION_LEVEL = "-Onone";
			};
			name = Debug;
		};
		4387FE3A29AD15FA005C2464 /* Release */ = {
			isa = XCBuildConfiguration;
			buildSettings = {
				ALWAYS_SEARCH_USER_PATHS = NO;
				CLANG_ANALYZER_NONNULL = YES;
				CLANG_ANALYZER_NUMBER_OBJECT_CONVERSION = YES_AGGRESSIVE;
				CLANG_CXX_LANGUAGE_STANDARD = "gnu++20";
				CLANG_ENABLE_MODULES = YES;
				CLANG_ENABLE_OBJC_ARC = YES;
				CLANG_ENABLE_OBJC_WEAK = YES;
				CLANG_WARN_BLOCK_CAPTURE_AUTORELEASING = YES;
				CLANG_WARN_BOOL_CONVERSION = YES;
				CLANG_WARN_COMMA = YES;
				CLANG_WARN_CONSTANT_CONVERSION = YES;
				CLANG_WARN_DEPRECATED_OBJC_IMPLEMENTATIONS = YES;
				CLANG_WARN_DIRECT_OBJC_ISA_USAGE = YES_ERROR;
				CLANG_WARN_DOCUMENTATION_COMMENTS = YES;
				CLANG_WARN_EMPTY_BODY = YES;
				CLANG_WARN_ENUM_CONVERSION = YES;
				CLANG_WARN_INFINITE_RECURSION = YES;
				CLANG_WARN_INT_CONVERSION = YES;
				CLANG_WARN_NON_LITERAL_NULL_CONVERSION = YES;
				CLANG_WARN_OBJC_IMPLICIT_RETAIN_SELF = YES;
				CLANG_WARN_OBJC_LITERAL_CONVERSION = YES;
				CLANG_WARN_OBJC_ROOT_CLASS = YES_ERROR;
				CLANG_WARN_QUOTED_INCLUDE_IN_FRAMEWORK_HEADER = YES;
				CLANG_WARN_RANGE_LOOP_ANALYSIS = YES;
				CLANG_WARN_STRICT_PROTOTYPES = YES;
				CLANG_WARN_SUSPICIOUS_MOVE = YES;
				CLANG_WARN_UNGUARDED_AVAILABILITY = YES_AGGRESSIVE;
				CLANG_WARN_UNREACHABLE_CODE = YES;
				CLANG_WARN__DUPLICATE_METHOD_MATCH = YES;
				COPY_PHASE_STRIP = NO;
				DEBUG_INFORMATION_FORMAT = "dwarf-with-dsym";
				ENABLE_NS_ASSERTIONS = NO;
				ENABLE_STRICT_OBJC_MSGSEND = YES;
				GCC_C_LANGUAGE_STANDARD = gnu11;
				GCC_NO_COMMON_BLOCKS = YES;
				GCC_WARN_64_TO_32_BIT_CONVERSION = YES;
				GCC_WARN_ABOUT_RETURN_TYPE = YES_ERROR;
				GCC_WARN_UNDECLARED_SELECTOR = YES;
				GCC_WARN_UNINITIALIZED_AUTOS = YES_AGGRESSIVE;
				GCC_WARN_UNUSED_FUNCTION = YES;
				GCC_WARN_UNUSED_VARIABLE = YES;
				IPHONEOS_DEPLOYMENT_TARGET = 16.2;
				MTL_ENABLE_DEBUG_INFO = NO;
				MTL_FAST_MATH = YES;
				SDKROOT = iphoneos;
				SWIFT_COMPILATION_MODE = wholemodule;
				SWIFT_OPTIMIZATION_LEVEL = "-O";
				VALIDATE_PRODUCT = YES;
			};
			name = Release;
		};
		4387FE3C29AD15FA005C2464 /* Debug */ = {
			isa = XCBuildConfiguration;
			buildSettings = {
				ALWAYS_EMBED_SWIFT_STANDARD_LIBRARIES = YES;
				ASSETCATALOG_COMPILER_APPICON_NAME = AppIcon;
				ASSETCATALOG_COMPILER_GLOBAL_ACCENT_COLOR_NAME = AccentColor;
				CODE_SIGN_ENTITLEMENTS = FavoriteTeams/FavoriteTeams.entitlements;
				CODE_SIGN_STYLE = Automatic;
				CURRENT_PROJECT_VERSION = 1;
				DEVELOPMENT_ASSET_PATHS = "\"FavoriteTeams/Preview Content\"";
				DEVELOPMENT_TEAM = NNT6SKZK9Y;
				ENABLE_PREVIEWS = YES;
				GENERATE_INFOPLIST_FILE = YES;
				INFOPLIST_FILE = FavoriteTeams/Info.plist;
				INFOPLIST_KEY_UIApplicationSceneManifest_Generation = YES;
				INFOPLIST_KEY_UIApplicationSupportsIndirectInputEvents = YES;
				INFOPLIST_KEY_UILaunchScreen_Generation = YES;
				INFOPLIST_KEY_UISupportedInterfaceOrientations_iPad = "UIInterfaceOrientationPortrait UIInterfaceOrientationPortraitUpsideDown UIInterfaceOrientationLandscapeLeft UIInterfaceOrientationLandscapeRight";
				INFOPLIST_KEY_UISupportedInterfaceOrientations_iPhone = "UIInterfaceOrientationPortrait UIInterfaceOrientationLandscapeLeft UIInterfaceOrientationLandscapeRight";
				LD_RUNPATH_SEARCH_PATHS = (
					"$(inherited)",
					"@executable_path/Frameworks",
				);
				MARKETING_VERSION = 1.0;
				PRODUCT_BUNDLE_IDENTIFIER = com.brian.FavoriteTeams;
				PRODUCT_NAME = "$(TARGET_NAME)";
				SWIFT_EMIT_LOC_STRINGS = YES;
				SWIFT_VERSION = 5.0;
				TARGETED_DEVICE_FAMILY = "1,2";
			};
			name = Debug;
		};
		4387FE3D29AD15FA005C2464 /* Release */ = {
			isa = XCBuildConfiguration;
			buildSettings = {
				ALWAYS_EMBED_SWIFT_STANDARD_LIBRARIES = YES;
				ASSETCATALOG_COMPILER_APPICON_NAME = AppIcon;
				ASSETCATALOG_COMPILER_GLOBAL_ACCENT_COLOR_NAME = AccentColor;
				CODE_SIGN_ENTITLEMENTS = FavoriteTeams/FavoriteTeams.entitlements;
				CODE_SIGN_STYLE = Automatic;
				CURRENT_PROJECT_VERSION = 1;
				DEVELOPMENT_ASSET_PATHS = "\"FavoriteTeams/Preview Content\"";
				DEVELOPMENT_TEAM = NNT6SKZK9Y;
				ENABLE_PREVIEWS = YES;
				GENERATE_INFOPLIST_FILE = YES;
				INFOPLIST_FILE = FavoriteTeams/Info.plist;
				INFOPLIST_KEY_UIApplicationSceneManifest_Generation = YES;
				INFOPLIST_KEY_UIApplicationSupportsIndirectInputEvents = YES;
				INFOPLIST_KEY_UILaunchScreen_Generation = YES;
				INFOPLIST_KEY_UISupportedInterfaceOrientations_iPad = "UIInterfaceOrientationPortrait UIInterfaceOrientationPortraitUpsideDown UIInterfaceOrientationLandscapeLeft UIInterfaceOrientationLandscapeRight";
				INFOPLIST_KEY_UISupportedInterfaceOrientations_iPhone = "UIInterfaceOrientationPortrait UIInterfaceOrientationLandscapeLeft UIInterfaceOrientationLandscapeRight";
				LD_RUNPATH_SEARCH_PATHS = (
					"$(inherited)",
					"@executable_path/Frameworks",
				);
				MARKETING_VERSION = 1.0;
				PRODUCT_BUNDLE_IDENTIFIER = com.brian.FavoriteTeams;
				PRODUCT_NAME = "$(TARGET_NAME)";
				SWIFT_EMIT_LOC_STRINGS = YES;
				SWIFT_VERSION = 5.0;
				TARGETED_DEVICE_FAMILY = "1,2";
			};
			name = Release;
		};
/* End XCBuildConfiguration section */

/* Begin XCConfigurationList section */
		4387FE2829AD15F9005C2464 /* Build configuration list for PBXProject "FavoriteTeams" */ = {
			isa = XCConfigurationList;
			buildConfigurations = (
				4387FE3929AD15FA005C2464 /* Debug */,
				4387FE3A29AD15FA005C2464 /* Release */,
			);
			defaultConfigurationIsVisible = 0;
			defaultConfigurationName = Release;
		};
		4387FE3B29AD15FA005C2464 /* Build configuration list for PBXNativeTarget "FavoriteTeams" */ = {
			isa = XCConfigurationList;
			buildConfigurations = (
				4387FE3C29AD15FA005C2464 /* Debug */,
				4387FE3D29AD15FA005C2464 /* Release */,
			);
			defaultConfigurationIsVisible = 0;
			defaultConfigurationName = Release;
		};
/* End XCConfigurationList section */

/* Begin XCRemoteSwiftPackageReference section */
		4387FE4A29AD177F005C2464 /* XCRemoteSwiftPackageReference "SwiftSoup" */ = {
			isa = XCRemoteSwiftPackageReference;
			repositoryURL = "https://github.com/scinfu/SwiftSoup.git";
			requirement = {
				kind = upToNextMajorVersion;
				minimumVersion = 2.0.0;
			};
		};
		4387FE6029AD2529005C2464 /* XCRemoteSwiftPackageReference "swiftui-cached-async-image" */ = {
			isa = XCRemoteSwiftPackageReference;
			repositoryURL = "https://github.com/lorenzofiamingo/swiftui-cached-async-image";
			requirement = {
				branch = main;
				kind = branch;
			};
		};
/* End XCRemoteSwiftPackageReference section */

/* Begin XCSwiftPackageProductDependency section */
		4387FE4B29AD177F005C2464 /* SwiftSoup */ = {
			isa = XCSwiftPackageProductDependency;
			package = 4387FE4A29AD177F005C2464 /* XCRemoteSwiftPackageReference "SwiftSoup" */;
			productName = SwiftSoup;
		};
		4387FE6129AD2529005C2464 /* CachedAsyncImage */ = {
			isa = XCSwiftPackageProductDependency;
			package = 4387FE6029AD2529005C2464 /* XCRemoteSwiftPackageReference "swiftui-cached-async-image" */;
			productName = CachedAsyncImage;
		};
/* End XCSwiftPackageProductDependency section */
	};
	rootObject = 4387FE2529AD15F9005C2464 /* Project object */;
}
